
Microsoft Visual Studio Solution File, Format Version 12.00
# Visual Studio Version 16
VisualStudioVersion = 16.0.31005.135
MinimumVisualStudioVersion = 10.0.40219.1
Project("{FAE04EC0-301F-11D3-BF4B-00C04F79EFBC}") = "App", "Bim308_FinalProject\App.csproj", "{213180FA-EF4F-432B-960C-97FCE48B3963}"
EndProject
Project("{FAE04EC0-301F-11D3-BF4B-00C04F79EFBC}") = "Data", "Data\Data.csproj", "{7A2BE7B0-CE05-4A3C-AFCF-A50D5BB9C66B}"
EndProject
Global
	GlobalSection(SolutionConfigurationPlatforms) = preSolution
		Debug|Any CPU = Debug|Any CPU
		Release|Any CPU = Release|Any CPU
	EndGlobalSection
	GlobalSection(ProjectConfigurationPlatforms) = postSolution
		{213180FA-EF4F-432B-960C-97FCE48B3963}.Debug|Any CPU.ActiveCfg = Debug|Any CPU
		{213180FA-EF4F-432B-960C-97FCE48B3963}.Debug|Any CPU.Build.0 = Debug|Any CPU
		{213180FA-EF4F-432B-960C-97FCE48B3963}.Release|Any CPU.ActiveCfg = Release|Any CPU
		{213180FA-EF4F-432B-960C-97FCE48B3963}.Release|Any CPU.Build.0 = Release|Any CPU
		{7A2BE7B0-CE05-4A3C-AFCF-A50D5BB9C66B}.Debug|Any CPU.ActiveCfg = Debug|Any CPU
		{7A2BE7B0-CE05-4A3C-AFCF-A50D5BB9C66B}.Debug|Any CPU.Build.0 = Debug|Any CPU
		{7A2BE7B0-CE05-4A3C-AFCF-A50D5BB9C66B}.Release|Any CPU.ActiveCfg = Release|Any CPU
		{7A2BE7B0-CE05-4A3C-AFCF-A50D5BB9C66B}.Release|Any CPU.Build.0 = Release|Any CPU
	EndGlobalSection
	GlobalSection(SolutionProperties) = preSolution
		HideSolutionNode = FALSE
	EndGlobalSection
	GlobalSection(ExtensibilityGlobals) = postSolution
		SolutionGuid = {421D5B64-1FE2-4E3B-8254-444D70DE7C07}
	EndGlobalSection
EndGlobal
